
Microsoft Visual Studio Solution File, Format Version 12.00
# Visual Studio Version 17
VisualStudioVersion = 17.11.35012.247
MinimumVisualStudioVersion = 10.0.40219.1
Project("{FAE04EC0-301F-11D3-BF4B-00C04F79EFBC}") = "CsharpExampleC", "CsharpExampleC.csproj", "{D8AEBA24-22C0-410E-8FB1-AAF64C0030C7}"
EndProject
Global
	GlobalSection(SolutionConfigurationPlatforms) = preSolution
		Debug|Any CPU = Debug|Any CPU
		Release|Any CPU = Release|Any CPU
	EndGlobalSection
	GlobalSection(ProjectConfigurationPlatforms) = postSolution
		{D8AEBA24-22C0-410E-8FB1-AAF64C0030C7}.Debug|Any CPU.ActiveCfg = Debug|Any CPU
		{D8AEBA24-22C0-410E-8FB1-AAF64C0030C7}.Debug|Any CPU.Build.0 = Debug|Any CPU
		{D8AEBA24-22C0-410E-8FB1-AAF64C0030C7}.Release|Any CPU.ActiveCfg = Release|Any CPU
		{D8AEBA24-22C0-410E-8FB1-AAF64C0030C7}.Release|Any CPU.Build.0 = Release|Any CPU
	EndGlobalSection
	GlobalSection(SolutionProperties) = preSolution
		HideSolutionNode = FALSE
	EndGlobalSection
	GlobalSection(ExtensibilityGlobals) = postSolution
		SolutionGuid = {197CAFF0-FBCC-4D95-BAC6-01BF3EF2E328}
	EndGlobalSection
EndGlobal
